<?xml version="1.0" encoding="utf-8"?>
<Project ToolsVersion="4.0" xmlns="http://schemas.microsoft.com/developer/msbuild/2003">
  <ItemGroup>
    <Filter Include="Header Files">
      <UniqueIdentifier>{629a1242-73f5-4282-a218-7b8d7d761cc6}</UniqueIdentifier>
      <Extensions>h;hh;hpp;hxx;hm;inl;inc;xsd</Extensions>
    </Filter>
    <Filter Include="Resource Files">
      <UniqueIdentifier>{e54f7242-67a6-4c85-bf48-0f7a6095b613}</UniqueIdentifier>
      <Extensions>rc;ico;cur;bmp;dlg;rc2;rct;bin;rgs;gif;jpg;jpeg;jpe;resx;tiff;tif;png;wav;mfcribbon-ms</Extensions>
    </Filter>
    <Filter Include="Source Files">
      <UniqueIdentifier>{acf0da3d-e3e4-4fc8-aaf8-8d0558e6414c}</UniqueIdentifier>
      <Extensions>cpp;c;cc;cxx;def;odl;idl;hpj;bat;asm;asmx</Extensions>
    </Filter>
  </ItemGroup>
  <ItemGroup>
    <ClInclude Include="callbacks.h">
      <Filter>Header Files</Filter>
    </ClInclude>
    <ClInclude Include="hooks.h">
      <Filter>Header Files</Filter>
    </ClInclude>
    <ClInclude Include="targetver.h">
      <Filter>Header Files</Filter>
    </ClInclude>
    <ClInclude Include="stdafx.h">
      <Filter>Header Files</Filter>
    </ClInclude>
    <ClInclude Include="patternfind.h">
      <Filter>Header Files</Filter>
    </ClInclude>
    <ClInclude Include="versionhelper.h">
      <Filter>Header Files</Filter>
    </ClInclude>
    <ClInclude Include="servicehelper.h">
      <Filter>Header Files</Filter>
    </ClInclude>
    <ClInclude Include="registryhelper.h">
      <Filter>Header Files</Filter>
    </ClInclude>
    <ClInclude Include="wufuc.h">
      <Filter>Header Files</Filter>
    </ClInclude>
    <ClInclude Include="modulehelper.h">
      <Filter>Header Files</Filter>
    </ClInclude>
    <ClInclude Include="log.h">
      <Filter>Header Files</Filter>
    </ClInclude>
    <ClInclude Include="ptrlist.h">
      <Filter>Header Files</Filter>
    </ClInclude>
    <ClInclude Include="eventhelper.h">
      <Filter>Header Files</Filter>
    </ClInclude>
    <ClInclude Include="mutexhelper.h">
      <Filter>Header Files</Filter>
    </ClInclude>
    <ClInclude Include="resourcehelper.h">
      <Filter>Header Files</Filter>
    </ClInclude>
  </ItemGroup>
  <ItemGroup>
    <ClCompile Include="callbacks.c">
      <Filter>Source Files</Filter>
    </ClCompile>
    <ClCompile Include="dllmain.c">
      <Filter>Source Files</Filter>
    </ClCompile>
    <ClCompile Include="hooks.c">
      <Filter>Source Files</Filter>
    </ClCompile>
    <ClCompile Include="rundll32.c">
      <Filter>Source Files</Filter>
    </ClCompile>
    <ClCompile Include="stdafx.c">
      <Filter>Source Files</Filter>
    </ClCompile>
    <ClCompile Include="patternfind.c">
      <Filter>Source Files</Filter>
    </ClCompile>
    <ClCompile Include="servicehelper.c">
      <Filter>Source Files</Filter>
    </ClCompile>
    <ClCompile Include="versionhelper.c">
      <Filter>Source Files</Filter>
    </ClCompile>
    <ClCompile Include="registryhelper.c">
      <Filter>Source Files</Filter>
    </ClCompile>
    <ClCompile Include="wufuc.c">
      <Filter>Source Files</Filter>
    </ClCompile>
    <ClCompile Include="log.c">
      <Filter>Source Files</Filter>
    </ClCompile>
    <ClCompile Include="modulehelper.c">
      <Filter>Source Files</Filter>
    </ClCompile>
    <ClCompile Include="ptrlist.c">
      <Filter>Source Files</Filter>
    </ClCompile>
    <ClCompile Include="mutexhelper.c">
      <Filter>Source Files</Filter>
    </ClCompile>
    <ClCompile Include="eventhelper.c">
      <Filter>Source Files</Filter>
    </ClCompile>
    <ClCompile Include="resourcehelper.c">
      <Filter>Source Files</Filter>
    </ClCompile>
  </ItemGroup>
  <ItemGroup>
    <None Include="exports.def">
      <Filter>Source Files</Filter>
    </None>
    <None Include="resource.h">
      <Filter>Header Files</Filter>
    </None>
  </ItemGroup>
  <ItemGroup>
    <ResourceCompile Include="resource.rc">
      <Filter>Resource Files</Filter>
    </ResourceCompile>
  </ItemGroup>
</Project>